
Microsoft Visual Studio Solution File, Format Version 11.00
# Visual Studio 2010
Project("{8BC9CEB8-8B4A-11D0-8D11-00A0C91BC942}") = "HiFiTo", "HiFiTo\HiFiTo.vcxproj", "{1F8ACBDB-F7EF-433A-9DB9-81DF487F7E07}"
EndProject
Global
	GlobalSection(SolutionConfigurationPlatforms) = preSolution
		Debug Portable|Win32 = Debug Portable|Win32
		Debug|Win32 = Debug|Win32
		Release Portable|Win32 = Release Portable|Win32
		Release|Win32 = Release|Win32
	EndGlobalSection
	GlobalSection(ProjectConfigurationPlatforms) = postSolution
		{1F8ACBDB-F7EF-433A-9DB9-81DF487F7E07}.Debug Portable|Win32.ActiveCfg = Debug Portable|Win32
		{1F8ACBDB-F7EF-433A-9DB9-81DF487F7E07}.Debug Portable|Win32.Build.0 = Debug Portable|Win32
		{1F8ACBDB-F7EF-433A-9DB9-81DF487F7E07}.Debug|Win32.ActiveCfg = Debug|Win32
		{1F8ACBDB-F7EF-433A-9DB9-81DF487F7E07}.Debug|Win32.Build.0 = Debug|Win32
		{1F8ACBDB-F7EF-433A-9DB9-81DF487F7E07}.Release Portable|Win32.ActiveCfg = Release Portable|Win32
		{1F8ACBDB-F7EF-433A-9DB9-81DF487F7E07}.Release Portable|Win32.Build.0 = Release Portable|Win32
		{1F8ACBDB-F7EF-433A-9DB9-81DF487F7E07}.Release|Win32.ActiveCfg = Release|Win32
		{1F8ACBDB-F7EF-433A-9DB9-81DF487F7E07}.Release|Win32.Build.0 = Release|Win32
	EndGlobalSection
	GlobalSection(SolutionProperties) = preSolution
		HideSolutionNode = FALSE
	EndGlobalSection
EndGlobal
